// !$*UTF8*$!
{
	archiveVersion = 1;
	classes = {
	};
	objectVersion = 51;
	objects = {

/* Begin PBXBuildFile section */
		0E5E9293FF29EAA3AFDA6DCC /* Pods_EasyChat.framework in Frameworks */ = {isa = PBXBuildFile; fileRef = 06927AEC49701FE2C8E44F31 /* Pods_EasyChat.framework */; };
		963E563B24D181C100E371AF /* AppDelegate.swift in Sources */ = {isa = PBXBuildFile; fileRef = 963E563A24D181C100E371AF /* AppDelegate.swift */; };
		963E563D24D181C100E371AF /* SceneDelegate.swift in Sources */ = {isa = PBXBuildFile; fileRef = 963E563C24D181C100E371AF /* SceneDelegate.swift */; };
		963E563F24D181C100E371AF /* ContentView.swift in Sources */ = {isa = PBXBuildFile; fileRef = 963E563E24D181C100E371AF /* ContentView.swift */; };
		963E564124D181C500E371AF /* Assets.xcassets in Resources */ = {isa = PBXBuildFile; fileRef = 963E564024D181C500E371AF /* Assets.xcassets */; };
		963E564424D181C500E371AF /* Preview Assets.xcassets in Resources */ = {isa = PBXBuildFile; fileRef = 963E564324D181C500E371AF /* Preview Assets.xcassets */; };
		963E564724D181C500E371AF /* LaunchScreen.storyboard in Resources */ = {isa = PBXBuildFile; fileRef = 963E564524D181C500E371AF /* LaunchScreen.storyboard */; };
		963E564F24D181F200E371AF /* GoogleService-Info.plist in Resources */ = {isa = PBXBuildFile; fileRef = 963E564E24D181F200E371AF /* GoogleService-Info.plist */; };
		967042FD24D1C15000CA9820 /* CheckUser.swift in Sources */ = {isa = PBXBuildFile; fileRef = 967042FC24D1C15000CA9820 /* CheckUser.swift */; };
		9670430024D1DDCF00CA9820 /* ImagePicker.swift in Sources */ = {isa = PBXBuildFile; fileRef = 967042FF24D1DDCF00CA9820 /* ImagePicker.swift */; };
		9670430224D1DE0600CA9820 /* Indicator.swift in Sources */ = {isa = PBXBuildFile; fileRef = 9670430124D1DE0600CA9820 /* Indicator.swift */; };
		9670430424D1DE2D00CA9820 /* SignUpView.swift in Sources */ = {isa = PBXBuildFile; fileRef = 9670430324D1DE2D00CA9820 /* SignUpView.swift */; };
		9670430624D1DE8400CA9820 /* CreateUser.swift in Sources */ = {isa = PBXBuildFile; fileRef = 9670430524D1DE8400CA9820 /* CreateUser.swift */; };
		96FCAF9C24D1995F00E4B058 /* LoginView.swift in Sources */ = {isa = PBXBuildFile; fileRef = 96FCAF9B24D1995F00E4B058 /* LoginView.swift */; };
		96FCAF9E24D1996B00E4B058 /* OTPView.swift in Sources */ = {isa = PBXBuildFile; fileRef = 96FCAF9D24D1996B00E4B058 /* OTPView.swift */; };
		96FCAFA024D1997C00E4B058 /* HomeView.swift in Sources */ = {isa = PBXBuildFile; fileRef = 96FCAF9F24D1997C00E4B058 /* HomeView.swift */; };
/* End PBXBuildFile section */

/* Begin PBXFileReference section */
		06927AEC49701FE2C8E44F31 /* Pods_EasyChat.framework */ = {isa = PBXFileReference; explicitFileType = wrapper.framework; includeInIndex = 0; path = Pods_EasyChat.framework; sourceTree = BUILT_PRODUCTS_DIR; };
		4D3C721AF615DD058CC0E207 /* Pods-EasyChat.debug.xcconfig */ = {isa = PBXFileReference; includeInIndex = 1; lastKnownFileType = text.xcconfig; name = "Pods-EasyChat.debug.xcconfig"; path = "Target Support Files/Pods-EasyChat/Pods-EasyChat.debug.xcconfig"; sourceTree = "<group>"; };
		8FD8958B48E0562EFF7FD83D /* Pods-EasyChat.release.xcconfig */ = {isa = PBXFileReference; includeInIndex = 1; lastKnownFileType = text.xcconfig; name = "Pods-EasyChat.release.xcconfig"; path = "Target Support Files/Pods-EasyChat/Pods-EasyChat.release.xcconfig"; sourceTree = "<group>"; };
		963E563724D181C100E371AF /* EasyChat.app */ = {isa = PBXFileReference; explicitFileType = wrapper.application; includeInIndex = 0; path = EasyChat.app; sourceTree = BUILT_PRODUCTS_DIR; };
		963E563A24D181C100E371AF /* AppDelegate.swift */ = {isa = PBXFileReference; lastKnownFileType = sourcecode.swift; path = AppDelegate.swift; sourceTree = "<group>"; };
		963E563C24D181C100E371AF /* SceneDelegate.swift */ = {isa = PBXFileReference; lastKnownFileType = sourcecode.swift; path = SceneDelegate.swift; sourceTree = "<group>"; };
		963E563E24D181C100E371AF /* ContentView.swift */ = {isa = PBXFileReference; lastKnownFileType = sourcecode.swift; path = ContentView.swift; sourceTree = "<group>"; };
		963E564024D181C500E371AF /* Assets.xcassets */ = {isa = PBXFileReference; lastKnownFileType = folder.assetcatalog; path = Assets.xcassets; sourceTree = "<group>"; };
		963E564324D181C500E371AF /* Preview Assets.xcassets */ = {isa = PBXFileReference; lastKnownFileType = folder.assetcatalog; path = "Preview Assets.xcassets"; sourceTree = "<group>"; };
		963E564624D181C500E371AF /* Base */ = {isa = PBXFileReference; lastKnownFileType = file.storyboard; name = Base; path = Base.lproj/LaunchScreen.storyboard; sourceTree = "<group>"; };
		963E564824D181C500E371AF /* Info.plist */ = {isa = PBXFileReference; lastKnownFileType = text.plist.xml; path = Info.plist; sourceTree = "<group>"; };
		963E564E24D181F200E371AF /* GoogleService-Info.plist */ = {isa = PBXFileReference; fileEncoding = 4; lastKnownFileType = text.plist.xml; path = "GoogleService-Info.plist"; sourceTree = "<group>"; };
		967042FC24D1C15000CA9820 /* CheckUser.swift */ = {isa = PBXFileReference; lastKnownFileType = sourcecode.swift; path = CheckUser.swift; sourceTree = "<group>"; };
		967042FF24D1DDCF00CA9820 /* ImagePicker.swift */ = {isa = PBXFileReference; lastKnownFileType = sourcecode.swift; path = ImagePicker.swift; sourceTree = "<group>"; };
		9670430124D1DE0600CA9820 /* Indicator.swift */ = {isa = PBXFileReference; lastKnownFileType = sourcecode.swift; path = Indicator.swift; sourceTree = "<group>"; };
		9670430324D1DE2D00CA9820 /* SignUpView.swift */ = {isa = PBXFileReference; lastKnownFileType = sourcecode.swift; path = SignUpView.swift; sourceTree = "<group>"; };
		9670430524D1DE8400CA9820 /* CreateUser.swift */ = {isa = PBXFileReference; lastKnownFileType = sourcecode.swift; path = CreateUser.swift; sourceTree = "<group>"; };
		96FCAF9B24D1995F00E4B058 /* LoginView.swift */ = {isa = PBXFileReference; lastKnownFileType = sourcecode.swift; path = LoginView.swift; sourceTree = "<group>"; };
		96FCAF9D24D1996B00E4B058 /* OTPView.swift */ = {isa = PBXFileReference; lastKnownFileType = sourcecode.swift; path = OTPView.swift; sourceTree = "<group>"; };
		96FCAF9F24D1997C00E4B058 /* HomeView.swift */ = {isa = PBXFileReference; lastKnownFileType = sourcecode.swift; path = HomeView.swift; sourceTree = "<group>"; };
/* End PBXFileReference section */

/* Begin PBXFrameworksBuildPhase section */
		963E563424D181C100E371AF /* Frameworks */ = {
			isa = PBXFrameworksBuildPhase;
			buildActionMask = 2147483647;
			files = (
				0E5E9293FF29EAA3AFDA6DCC /* Pods_EasyChat.framework in Frameworks */,
			);
			runOnlyForDeploymentPostprocessing = 0;
		};
/* End PBXFrameworksBuildPhase section */

/* Begin PBXGroup section */
		54CDBA1EAE9E619E546C98AE /* Frameworks */ = {
			isa = PBXGroup;
			children = (
				06927AEC49701FE2C8E44F31 /* Pods_EasyChat.framework */,
			);
			name = Frameworks;
			sourceTree = "<group>";
		};
		963E562E24D181C100E371AF = {
			isa = PBXGroup;
			children = (
				963E563924D181C100E371AF /* EasyChat */,
				963E563824D181C100E371AF /* Products */,
				E954CD7338D2A82921C823C0 /* Pods */,
				54CDBA1EAE9E619E546C98AE /* Frameworks */,
			);
			sourceTree = "<group>";
		};
		963E563824D181C100E371AF /* Products */ = {
			isa = PBXGroup;
			children = (
				963E563724D181C100E371AF /* EasyChat.app */,
			);
			name = Products;
			sourceTree = "<group>";
		};
		963E563924D181C100E371AF /* EasyChat */ = {
			isa = PBXGroup;
			children = (
				96FCAF9A24D1994E00E4B058 /* Views */,
				967042FE24D1DDAB00CA9820 /* Models */,
				963E563A24D181C100E371AF /* AppDelegate.swift */,
				963E563C24D181C100E371AF /* SceneDelegate.swift */,
				963E563E24D181C100E371AF /* ContentView.swift */,
				963E564024D181C500E371AF /* Assets.xcassets */,
				963E564524D181C500E371AF /* LaunchScreen.storyboard */,
				963E564824D181C500E371AF /* Info.plist */,
				963E564E24D181F200E371AF /* GoogleService-Info.plist */,
				963E564224D181C500E371AF /* Preview Content */,
			);
			path = EasyChat;
			sourceTree = "<group>";
		};
		963E564224D181C500E371AF /* Preview Content */ = {
			isa = PBXGroup;
			children = (
				963E564324D181C500E371AF /* Preview Assets.xcassets */,
			);
			path = "Preview Content";
			sourceTree = "<group>";
		};
		967042FE24D1DDAB00CA9820 /* Models */ = {
			isa = PBXGroup;
			children = (
				9670430524D1DE8400CA9820 /* CreateUser.swift */,
				967042FC24D1C15000CA9820 /* CheckUser.swift */,
			);
			path = Models;
			sourceTree = "<group>";
		};
		96FCAF9A24D1994E00E4B058 /* Views */ = {
			isa = PBXGroup;
			children = (
				96FCAF9B24D1995F00E4B058 /* LoginView.swift */,
				96FCAF9D24D1996B00E4B058 /* OTPView.swift */,
				96FCAF9F24D1997C00E4B058 /* HomeView.swift */,
				967042FF24D1DDCF00CA9820 /* ImagePicker.swift */,
				9670430124D1DE0600CA9820 /* Indicator.swift */,
				9670430324D1DE2D00CA9820 /* SignUpView.swift */,
			);
			path = Views;
			sourceTree = "<group>";
		};
		E954CD7338D2A82921C823C0 /* Pods */ = {
			isa = PBXGroup;
			children = (
				4D3C721AF615DD058CC0E207 /* Pods-EasyChat.debug.xcconfig */,
				8FD8958B48E0562EFF7FD83D /* Pods-EasyChat.release.xcconfig */,
			);
			path = Pods;
			sourceTree = "<group>";
		};
/* End PBXGroup section */

/* Begin PBXNativeTarget section */
		963E563624D181C100E371AF /* EasyChat */ = {
			isa = PBXNativeTarget;
			buildConfigurationList = 963E564B24D181C500E371AF /* Build configuration list for PBXNativeTarget "EasyChat" */;
			buildPhases = (
				7E0642DEECD43308348B08F6 /* [CP] Check Pods Manifest.lock */,
				963E563324D181C100E371AF /* Sources */,
				963E563424D181C100E371AF /* Frameworks */,
				963E563524D181C100E371AF /* Resources */,
				3C39A5246F53725CC6EB35BF /* [CP] Embed Pods Frameworks */,
			);
			buildRules = (
			);
			dependencies = (
			);
			name = EasyChat;
			productName = EasyChat;
			productReference = 963E563724D181C100E371AF /* EasyChat.app */;
			productType = "com.apple.product-type.application";
		};
/* End PBXNativeTarget section */

/* Begin PBXProject section */
		963E562F24D181C100E371AF /* Project object */ = {
			isa = PBXProject;
			attributes = {
				LastSwiftUpdateCheck = 1130;
				LastUpgradeCheck = 1130;
				ORGANIZATIONNAME = shivam;
				TargetAttributes = {
					963E563624D181C100E371AF = {
						CreatedOnToolsVersion = 11.3.1;
					};
				};
			};
			buildConfigurationList = 963E563224D181C100E371AF /* Build configuration list for PBXProject "EasyChat" */;
			compatibilityVersion = "Xcode 9.3";
			developmentRegion = en;
			hasScannedForEncodings = 0;
			knownRegions = (
				en,
				Base,
			);
			mainGroup = 963E562E24D181C100E371AF;
			productRefGroup = 963E563824D181C100E371AF /* Products */;
			projectDirPath = "";
			projectRoot = "";
			targets = (
				963E563624D181C100E371AF /* EasyChat */,
			);
		};
/* End PBXProject section */

/* Begin PBXResourcesBuildPhase section */
		963E563524D181C100E371AF /* Resources */ = {
			isa = PBXResourcesBuildPhase;
			buildActionMask = 2147483647;
			files = (
				963E564F24D181F200E371AF /* GoogleService-Info.plist in Resources */,
				963E564724D181C500E371AF /* LaunchScreen.storyboard in Resources */,
				963E564424D181C500E371AF /* Preview Assets.xcassets in Resources */,
				963E564124D181C500E371AF /* Assets.xcassets in Resources */,
			);
			runOnlyForDeploymentPostprocessing = 0;
		};
/* End PBXResourcesBuildPhase section */

/* Begin PBXShellScriptBuildPhase section */
		3C39A5246F53725CC6EB35BF /* [CP] Embed Pods Frameworks */ = {
			isa = PBXShellScriptBuildPhase;
			buildActionMask = 2147483647;
			files = (
			);
			inputFileListPaths = (
				"${PODS_ROOT}/Target Support Files/Pods-EasyChat/Pods-EasyChat-frameworks-${CONFIGURATION}-input-files.xcfilelist",
			);
			name = "[CP] Embed Pods Frameworks";
			outputFileListPaths = (
				"${PODS_ROOT}/Target Support Files/Pods-EasyChat/Pods-EasyChat-frameworks-${CONFIGURATION}-output-files.xcfilelist",
			);
			runOnlyForDeploymentPostprocessing = 0;
			shellPath = /bin/sh;
			shellScript = "\"${PODS_ROOT}/Target Support Files/Pods-EasyChat/Pods-EasyChat-frameworks.sh\"\n";
			showEnvVarsInLog = 0;
		};
		7E0642DEECD43308348B08F6 /* [CP] Check Pods Manifest.lock */ = {
			isa = PBXShellScriptBuildPhase;
			buildActionMask = 2147483647;
			files = (
			);
			inputFileListPaths = (
			);
			inputPaths = (
				"${PODS_PODFILE_DIR_PATH}/Podfile.lock",
				"${PODS_ROOT}/Manifest.lock",
			);
			name = "[CP] Check Pods Manifest.lock";
			outputFileListPaths = (
			);
			outputPaths = (
				"$(DERIVED_FILE_DIR)/Pods-EasyChat-checkManifestLockResult.txt",
			);
			runOnlyForDeploymentPostprocessing = 0;
			shellPath = /bin/sh;
			shellScript = "diff \"${PODS_PODFILE_DIR_PATH}/Podfile.lock\" \"${PODS_ROOT}/Manifest.lock\" > /dev/null\nif [ $? != 0 ] ; then\n    # print error to STDERR\n    echo \"error: The sandbox is not in sync with the Podfile.lock. Run 'pod install' or update your CocoaPods installation.\" >&2\n    exit 1\nfi\n# This output is used by Xcode 'outputs' to avoid re-running this script phase.\necho \"SUCCESS\" > \"${SCRIPT_OUTPUT_FILE_0}\"\n";
			showEnvVarsInLog = 0;
		};
/* End PBXShellScriptBuildPhase section */

/* Begin PBXSourcesBuildPhase section */
		963E563324D181C100E371AF /* Sources */ = {
			isa = PBXSourcesBuildPhase;
			buildActionMask = 2147483647;
			files = (
				963E563B24D181C100E371AF /* AppDelegate.swift in Sources */,
				96FCAF9E24D1996B00E4B058 /* OTPView.swift in Sources */,
				963E563D24D181C100E371AF /* SceneDelegate.swift in Sources */,
				967042FD24D1C15000CA9820 /* CheckUser.swift in Sources */,
				96FCAFA024D1997C00E4B058 /* HomeView.swift in Sources */,
				9670430024D1DDCF00CA9820 /* ImagePicker.swift in Sources */,
				9670430424D1DE2D00CA9820 /* SignUpView.swift in Sources */,
				96FCAF9C24D1995F00E4B058 /* LoginView.swift in Sources */,
				9670430224D1DE0600CA9820 /* Indicator.swift in Sources */,
				963E563F24D181C100E371AF /* ContentView.swift in Sources */,
				9670430624D1DE8400CA9820 /* CreateUser.swift in Sources */,
			);
			runOnlyForDeploymentPostprocessing = 0;
		};
/* End PBXSourcesBuildPhase section */

/* Begin PBXVariantGroup section */
		963E564524D181C500E371AF /* LaunchScreen.storyboard */ = {
			isa = PBXVariantGroup;
			children = (
				963E564624D181C500E371AF /* Base */,
			);
			name = LaunchScreen.storyboard;
			sourceTree = "<group>";
		};
/* End PBXVariantGroup section */

/* Begin XCBuildConfiguration section */
		963E564924D181C500E371AF /* Debug */ = {
			isa = XCBuildConfiguration;
			buildSettings = {
				ALWAYS_SEARCH_USER_PATHS = NO;
				CLANG_ANALYZER_NONNULL = YES;
				CLANG_ANALYZER_NUMBER_OBJECT_CONVERSION = YES_AGGRESSIVE;
				CLANG_CXX_LANGUAGE_STANDARD = "gnu++14";
				CLANG_CXX_LIBRARY = "libc++";
				CLANG_ENABLE_MODULES = YES;
				CLANG_ENABLE_OBJC_ARC = YES;
				CLANG_ENABLE_OBJC_WEAK = YES;
				CLANG_WARN_BLOCK_CAPTURE_AUTORELEASING = YES;
				CLANG_WARN_BOOL_CONVERSION = YES;
				CLANG_WARN_COMMA = YES;
				CLANG_WARN_CONSTANT_CONVERSION = YES;
				CLANG_WARN_DEPRECATED_OBJC_IMPLEMENTATIONS = YES;
				CLANG_WARN_DIRECT_OBJC_ISA_USAGE = YES_ERROR;
				CLANG_WARN_DOCUMENTATION_COMMENTS = YES;
				CLANG_WARN_EMPTY_BODY = YES;
				CLANG_WARN_ENUM_CONVERSION = YES;
				CLANG_WARN_INFINITE_RECURSION = YES;
				CLANG_WARN_INT_CONVERSION = YES;
				CLANG_WARN_NON_LITERAL_NULL_CONVERSION = YES;
				CLANG_WARN_OBJC_IMPLICIT_RETAIN_SELF = YES;
				CLANG_WARN_OBJC_LITERAL_CONVERSION = YES;
				CLANG_WARN_OBJC_ROOT_CLASS = YES_ERROR;
				CLANG_WARN_RANGE_LOOP_ANALYSIS = YES;
				CLANG_WARN_STRICT_PROTOTYPES = YES;
				CLANG_WARN_SUSPICIOUS_MOVE = YES;
				CLANG_WARN_UNGUARDED_AVAILABILITY = YES_AGGRESSIVE;
				CLANG_WARN_UNREACHABLE_CODE = YES;
				CLANG_WARN__DUPLICATE_METHOD_MATCH = YES;
				COPY_PHASE_STRIP = NO;
				DEBUG_INFORMATION_FORMAT = dwarf;
				ENABLE_STRICT_OBJC_MSGSEND = YES;
				ENABLE_TESTABILITY = YES;
				GCC_C_LANGUAGE_STANDARD = gnu11;
				GCC_DYNAMIC_NO_PIC = NO;
				GCC_NO_COMMON_BLOCKS = YES;
				GCC_OPTIMIZATION_LEVEL = 0;
				GCC_PREPROCESSOR_DEFINITIONS = (
					"DEBUG=1",
					"$(inherited)",
				);
				GCC_WARN_64_TO_32_BIT_CONVERSION = YES;
				GCC_WARN_ABOUT_RETURN_TYPE = YES_ERROR;
				GCC_WARN_UNDECLARED_SELECTOR = YES;
				GCC_WARN_UNINITIALIZED_AUTOS = YES_AGGRESSIVE;
				GCC_WARN_UNUSED_FUNCTION = YES;
				GCC_WARN_UNUSED_VARIABLE = YES;
				IPHONEOS_DEPLOYMENT_TARGET = 13.2;
				MTL_ENABLE_DEBUG_INFO = INCLUDE_SOURCE;
				MTL_FAST_MATH = YES;
				ONLY_ACTIVE_ARCH = YES;
				SDKROOT = iphoneos;
				SWIFT_ACTIVE_COMPILATION_CONDITIONS = DEBUG;
				SWIFT_OPTIMIZATION_LEVEL = "-Onone";
			};
			name = Debug;
		};
		963E564A24D181C500E371AF /* Release */ = {
			isa = XCBuildConfiguration;
			buildSettings = {
				ALWAYS_SEARCH_USER_PATHS = NO;
				CLANG_ANALYZER_NONNULL = YES;
				CLANG_ANALYZER_NUMBER_OBJECT_CONVERSION = YES_AGGRESSIVE;
				CLANG_CXX_LANGUAGE_STANDARD = "gnu++14";
				CLANG_CXX_LIBRARY = "libc++";
				CLANG_ENABLE_MODULES = YES;
				CLANG_ENABLE_OBJC_ARC = YES;
				CLANG_ENABLE_OBJC_WEAK = YES;
				CLANG_WARN_BLOCK_CAPTURE_AUTORELEASING = YES;
				CLANG_WARN_BOOL_CONVERSION = YES;
				CLANG_WARN_COMMA = YES;
				CLANG_WARN_CONSTANT_CONVERSION = YES;
				CLANG_WARN_DEPRECATED_OBJC_IMPLEMENTATIONS = YES;
				CLANG_WARN_DIRECT_OBJC_ISA_USAGE = YES_ERROR;
				CLANG_WARN_DOCUMENTATION_COMMENTS = YES;
				CLANG_WARN_EMPTY_BODY = YES;
				CLANG_WARN_ENUM_CONVERSION = YES;
				CLANG_WARN_INFINITE_RECURSION = YES;
				CLANG_WARN_INT_CONVERSION = YES;
				CLANG_WARN_NON_LITERAL_NULL_CONVERSION = YES;
				CLANG_WARN_OBJC_IMPLICIT_RETAIN_SELF = YES;
				CLANG_WARN_OBJC_LITERAL_CONVERSION = YES;
				CLANG_WARN_OBJC_ROOT_CLASS = YES_ERROR;
				CLANG_WARN_RANGE_LOOP_ANALYSIS = YES;
				CLANG_WARN_STRICT_PROTOTYPES = YES;
				CLANG_WARN_SUSPICIOUS_MOVE = YES;
				CLANG_WARN_UNGUARDED_AVAILABILITY = YES_AGGRESSIVE;
				CLANG_WARN_UNREACHABLE_CODE = YES;
				CLANG_WARN__DUPLICATE_METHOD_MATCH = YES;
				COPY_PHASE_STRIP = NO;
				DEBUG_INFORMATION_FORMAT = "dwarf-with-dsym";
				ENABLE_NS_ASSERTIONS = NO;
				ENABLE_STRICT_OBJC_MSGSEND = YES;
				GCC_C_LANGUAGE_STANDARD = gnu11;
				GCC_NO_COMMON_BLOCKS = YES;
				GCC_WARN_64_TO_32_BIT_CONVERSION = YES;
				GCC_WARN_ABOUT_RETURN_TYPE = YES_ERROR;
				GCC_WARN_UNDECLARED_SELECTOR = YES;
				GCC_WARN_UNINITIALIZED_AUTOS = YES_AGGRESSIVE;
				GCC_WARN_UNUSED_FUNCTION = YES;
				GCC_WARN_UNUSED_VARIABLE = YES;
				IPHONEOS_DEPLOYMENT_TARGET = 13.2;
				MTL_ENABLE_DEBUG_INFO = NO;
				MTL_FAST_MATH = YES;
				SDKROOT = iphoneos;
				SWIFT_COMPILATION_MODE = wholemodule;
				SWIFT_OPTIMIZATION_LEVEL = "-O";
				VALIDATE_PRODUCT = YES;
			};
			name = Release;
		};
		963E564C24D181C500E371AF /* Debug */ = {
			isa = XCBuildConfiguration;
			baseConfigurationReference = 4D3C721AF615DD058CC0E207 /* Pods-EasyChat.debug.xcconfig */;
			buildSettings = {
				ASSETCATALOG_COMPILER_APPICON_NAME = AppIcon;
				CODE_SIGN_STYLE = Automatic;
				DEVELOPMENT_ASSET_PATHS = "\"EasyChat/Preview Content\"";
				DEVELOPMENT_TEAM = NBL2DFM5E9;
				ENABLE_PREVIEWS = YES;
				INFOPLIST_FILE = EasyChat/Info.plist;
				IPHONEOS_DEPLOYMENT_TARGET = 13.1;
				LD_RUNPATH_SEARCH_PATHS = (
					"$(inherited)",
					"@executable_path/Frameworks",
				);
				PRODUCT_BUNDLE_IDENTIFIER = com.shivam.EasyChat;
				PRODUCT_NAME = "$(TARGET_NAME)";
				SWIFT_VERSION = 5.0;
				TARGETED_DEVICE_FAMILY = "1,2";
			};
			name = Debug;
		};
		963E564D24D181C500E371AF /* Release */ = {
			isa = XCBuildConfiguration;
			baseConfigurationReference = 8FD8958B48E0562EFF7FD83D /* Pods-EasyChat.release.xcconfig */;
			buildSettings = {
				ASSETCATALOG_COMPILER_APPICON_NAME = AppIcon;
				CODE_SIGN_STYLE = Automatic;
				DEVELOPMENT_ASSET_PATHS = "\"EasyChat/Preview Content\"";
				DEVELOPMENT_TEAM = NBL2DFM5E9;
				ENABLE_PREVIEWS = YES;
				INFOPLIST_FILE = EasyChat/Info.plist;
				IPHONEOS_DEPLOYMENT_TARGET = 13.1;
				LD_RUNPATH_SEARCH_PATHS = (
					"$(inherited)",
					"@executable_path/Frameworks",
				);
				PRODUCT_BUNDLE_IDENTIFIER = com.shivam.EasyChat;
				PRODUCT_NAME = "$(TARGET_NAME)";
				SWIFT_VERSION = 5.0;
				TARGETED_DEVICE_FAMILY = "1,2";
			};
			name = Release;
		};
/* End XCBuildConfiguration section */

/* Begin XCConfigurationList section */
		963E563224D181C100E371AF /* Build configuration list for PBXProject "EasyChat" */ = {
			isa = XCConfigurationList;
			buildConfigurations = (
				963E564924D181C500E371AF /* Debug */,
				963E564A24D181C500E371AF /* Release */,
			);
			defaultConfigurationIsVisible = 0;
			defaultConfigurationName = Release;
		};
		963E564B24D181C500E371AF /* Build configuration list for PBXNativeTarget "EasyChat" */ = {
			isa = XCConfigurationList;
			buildConfigurations = (
				963E564C24D181C500E371AF /* Debug */,
				963E564D24D181C500E371AF /* Release */,
			);
			defaultConfigurationIsVisible = 0;
			defaultConfigurationName = Release;
		};
/* End XCConfigurationList section */
	};
	rootObject = 963E562F24D181C100E371AF /* Project object */;
}
